# THIS IS AN AUTOGENERATED FILE. DO NOT EDIT THIS FILE DIRECTLY.
# yarn lockfile v1


ansi-escapes@^1.0.0:
  version "1.4.0"
  resolved "https://registry.yarnpkg.com/ansi-escapes/-/ansi-escapes-1.4.0.tgz#d3a8a83b319aa67793662b13e761c7911422306e"

ansi-styles@^3.1.0:
  version "3.1.0"
  resolved "https://registry.yarnpkg.com/ansi-styles/-/ansi-styles-3.1.0.tgz#09c202d5c917ec23188caa5c9cb9179cd9547750"
  dependencies:
    color-convert "^1.0.0"

arrify@^1.0.1:
  version "1.0.1"
  resolved "https://registry.yarnpkg.com/arrify/-/arrify-1.0.1.tgz#898508da2226f380df904728456849c1501a4b0d"

asap@~2.0.3:
  version "2.0.6"
  resolved "https://registry.yarnpkg.com/asap/-/asap-2.0.6.tgz#e50347611d7e690943208bbdafebcbc2fb866d46"

chalk@^2.0.1:
  version "2.0.1"
  resolved "https://registry.yarnpkg.com/chalk/-/chalk-2.0.1.tgz#dbec49436d2ae15f536114e76d14656cdbc0f44d"
  dependencies:
    ansi-styles "^3.1.0"
    escape-string-regexp "^1.0.5"
    supports-color "^4.0.0"

cli-cursor@^1.0.2:
  version "1.0.2"
  resolved "https://registry.yarnpkg.com/cli-cursor/-/cli-cursor-1.0.2.tgz#64da3f7d56a54412e59794bd62dc35295e8f2987"
  dependencies:
    restore-cursor "^1.0.1"

color-convert@^1.0.0:
  version "1.9.0"
  resolved "https://registry.yarnpkg.com/color-convert/-/color-convert-1.9.0.tgz#1accf97dd739b983bf994d56fec8f95853641b7a"
  dependencies:
    color-name "^1.1.1"

color-name@^1.1.1:
  version "1.1.2"
  resolved "https://registry.yarnpkg.com/color-name/-/color-name-1.1.2.tgz#5c8ab72b64bd2215d617ae9559ebb148475cf98d"

core-js@^1.0.0:
  version "1.2.7"
  resolved "https://registry.yarnpkg.com/core-js/-/core-js-1.2.7.tgz#652294c14651db28fa93bd2d5ff2983a4f08c636"

encoding@^0.1.11:
  version "0.1.12"
  resolved "https://registry.yarnpkg.com/encoding/-/encoding-0.1.12.tgz#538b66f3ee62cd1ab51ec323829d1f9480c74beb"
  dependencies:
    iconv-lite "~0.4.13"

escape-string-regexp@^1.0.5:
  version "1.0.5"
  resolved "https://registry.yarnpkg.com/escape-string-regexp/-/escape-string-regexp-1.0.5.tgz#1b61c0562190a8dff6ae3bb2cf0200ca130b86d4"

exit-hook@^1.0.0:
  version "1.1.1"
  resolved "https://registry.yarnpkg.com/exit-hook/-/exit-hook-1.1.1.tgz#f05ca233b48c05d54fff07765df8507e95c02ff8"

fbjs@^0.8.9:
  version "0.8.12"
  resolved "https://registry.yarnpkg.com/fbjs/-/fbjs-0.8.12.tgz#10b5d92f76d45575fd63a217d4ea02bea2f8ed04"
  dependencies:
    core-js "^1.0.0"
    isomorphic-fetch "^2.1.1"
    loose-envify "^1.0.0"
    object-assign "^4.1.0"
    promise "^7.1.1"
    setimmediate "^1.0.5"
    ua-parser-js "^0.7.9"

has-flag@^2.0.0:
  version "2.0.0"
  resolved "https://registry.yarnpkg.com/has-flag/-/has-flag-2.0.0.tgz#e8207af1cc7b30d446cc70b734b5e8be18f88d51"

iconv-lite@~0.4.13:
  version "0.4.18"
  resolved "https://registry.yarnpkg.com/iconv-lite/-/iconv-lite-0.4.18.tgz#23d8656b16aae6742ac29732ea8f0336a4789cf2"

indent-string@^3.1.0:
  version "3.1.0"
  resolved "https://registry.yarnpkg.com/indent-string/-/indent-string-3.1.0.tgz#08ff4334603388399b329e6b9538dc7a3cf5de7d"

ink@^0.2.1:
  version "0.2.1"
  resolved "https://registry.yarnpkg.com/ink/-/ink-0.2.1.tgz#dabf43e4a54431f955baaef49ab178ebdc334bb0"
  dependencies:
    arrify "^1.0.1"
    chalk "^2.0.1"
    indent-string "^3.1.0"
    lodash.flattendeep "^4.4.0"
    lodash.isequal "^4.5.0"
    log-update "^1.0.2"
    prop-types "^15.5.10"

is-stream@^1.0.1:
  version "1.1.0"
  resolved "https://registry.yarnpkg.com/is-stream/-/is-stream-1.1.0.tgz#12d4a3dd4e68e0b79ceb8dbc84173ae80d91ca44"

isomorphic-fetch@^2.1.1:
  version "2.2.1"
  resolved "https://registry.yarnpkg.com/isomorphic-fetch/-/isomorphic-fetch-2.2.1.tgz#611ae1acf14f5e81f729507472819fe9733558a9"
  dependencies:
    node-fetch "^1.0.1"
    whatwg-fetch ">=0.10.0"

js-tokens@^3.0.0:
  version "3.0.2"
  resolved "https://registry.yarnpkg.com/js-tokens/-/js-tokens-3.0.2.tgz#9866df395102130e38f7f996bceb65443209c25b"

lodash.flattendeep@^4.4.0:
  version "4.4.0"
  resolved "https://registry.yarnpkg.com/lodash.flattendeep/-/lodash.flattendeep-4.4.0.tgz#fb030917f86a3134e5bc9bec0d69e0013ddfedb2"

lodash.isequal@^4.5.0:
  version "4.5.0"
  resolved "https://registry.yarnpkg.com/lodash.isequal/-/lodash.isequal-4.5.0.tgz#415c4478f2bcc30120c22ce10ed3226f7d3e18e0"

log-update@^1.0.2:
  version "1.0.2"
  resolved "https://registry.yarnpkg.com/log-update/-/log-update-1.0.2.tgz#19929f64c4093d2d2e7075a1dad8af59c296b8d1"
  dependencies:
    ansi-escapes "^1.0.0"
    cli-cursor "^1.0.2"

loose-envify@^1.0.0, loose-envify@^1.3.1:
  version "1.3.1"
  resolved "https://registry.yarnpkg.com/loose-envify/-/loose-envify-1.3.1.tgz#d1a8ad33fa9ce0e713d65fdd0ac8b748d478c848"
  dependencies:
    js-tokens "^3.0.0"

node-fetch@^1.0.1:
  version "1.7.1"
  resolved "https://registry.yarnpkg.com/node-fetch/-/node-fetch-1.7.1.tgz#899cb3d0a3c92f952c47f1b876f4c8aeabd400d5"
  dependencies:
    encoding "^0.1.11"
    is-stream "^1.0.1"

object-assign@^4.1.0:
  version "4.1.1"
  resolved "https://registry.yarnpkg.com/object-assign/-/object-assign-4.1.1.tgz#2109adc7965887cfc05cbbd442cac8bfbb360863"

onetime@^1.0.0:
  version "1.1.0"
  resolved "https://registry.yarnpkg.com/onetime/-/onetime-1.1.0.tgz#a1f7838f8314c516f05ecefcbc4ccfe04b4ed789"

promise@^7.1.1:
  version "7.3.1"
  resolved "https://registry.yarnpkg.com/promise/-/promise-7.3.1.tgz#064b72602b18f90f29192b8b1bc418ffd1ebd3bf"
  dependencies:
    asap "~2.0.3"

prop-types@^15.5.10:
  version "15.5.10"
  resolved "https://registry.yarnpkg.com/prop-types/-/prop-types-15.5.10.tgz#2797dfc3126182e3a95e3dfbb2e893ddd7456154"
  dependencies:
    fbjs "^0.8.9"
    loose-envify "^1.3.1"

restore-cursor@^1.0.1:
  version "1.0.1"
  resolved "https://registry.yarnpkg.com/restore-cursor/-/restore-cursor-1.0.1.tgz#34661f46886327fed2991479152252df92daa541"
  dependencies:
    exit-hook "^1.0.0"
    onetime "^1.0.0"

setimmediate@^1.0.5:
  version "1.0.5"
  resolved "https://registry.yarnpkg.com/setimmediate/-/setimmediate-1.0.5.tgz#290cbb232e306942d7d7ea9b83732ab7856f8285"

supports-color@^4.0.0:
  version "4.2.0"
  resolved "https://registry.yarnpkg.com/supports-color/-/supports-color-4.2.0.tgz#ad986dc7eb2315d009b4d77c8169c2231a684037"
  dependencies:
    has-flag "^2.0.0"

ua-parser-js@^0.7.9:
  version "0.7.13"
  resolved "https://registry.yarnpkg.com/ua-parser-js/-/ua-parser-js-0.7.13.tgz#cd9dd2f86493b3f44dbeeef3780fda74c5ee14be"

whatwg-fetch@>=0.10.0:
  version "2.0.3"
  resolved "https://registry.yarnpkg.com/whatwg-fetch/-/whatwg-fetch-2.0.3.tgz#9c84ec2dcf68187ff00bc64e1274b442176e1c84"
